// !$*UTF8*$!
{
	archiveVersion = 1;
	classes = {
	};
	objectVersion = 52;
	objects = {

/* Begin PBXBuildFile section */
		492E5EDA2632CC8A009DA42E /* AppDelegate.swift in Sources */ = {isa = PBXBuildFile; fileRef = 492E5ED92632CC8A009DA42E /* AppDelegate.swift */; };
		492E5EDC2632CC8A009DA42E /* SceneDelegate.swift in Sources */ = {isa = PBXBuildFile; fileRef = 492E5EDB2632CC8A009DA42E /* SceneDelegate.swift */; };
		492E5EE12632CC8A009DA42E /* Main.storyboard in Resources */ = {isa = PBXBuildFile; fileRef = 492E5EDF2632CC8A009DA42E /* Main.storyboard */; };
		492E5EE32632CC8C009DA42E /* Assets.xcassets in Resources */ = {isa = PBXBuildFile; fileRef = 492E5EE22632CC8C009DA42E /* Assets.xcassets */; };
		492E5EE62632CC8C009DA42E /* LaunchScreen.storyboard in Resources */ = {isa = PBXBuildFile; fileRef = 492E5EE42632CC8C009DA42E /* LaunchScreen.storyboard */; };
		49563F342632D4D3007EA41D /* ContainerViewController.swift in Sources */ = {isa = PBXBuildFile; fileRef = 49563F332632D4D3007EA41D /* ContainerViewController.swift */; };
		49563F392632D4E4007EA41D /* UsersMapViewController.swift in Sources */ = {isa = PBXBuildFile; fileRef = 49563F382632D4E4007EA41D /* UsersMapViewController.swift */; };
		49563F3E2632D4F0007EA41D /* UsersListViewController.swift in Sources */ = {isa = PBXBuildFile; fileRef = 49563F3D2632D4F0007EA41D /* UsersListViewController.swift */; };
		49563F432632D769007EA41D /* UserInfoCell.swift in Sources */ = {isa = PBXBuildFile; fileRef = 49563F422632D769007EA41D /* UserInfoCell.swift */; };
		49563F552632DE0E007EA41D /* Coordinator.swift in Sources */ = {isa = PBXBuildFile; fileRef = 49563F542632DE0E007EA41D /* Coordinator.swift */; };
		49563F5A2632DE4B007EA41D /* AppCoordinator.swift in Sources */ = {isa = PBXBuildFile; fileRef = 49563F592632DE4B007EA41D /* AppCoordinator.swift */; };
		49563F642632F3C3007EA41D /* UsersListViewModel.swift in Sources */ = {isa = PBXBuildFile; fileRef = 49563F632632F3C3007EA41D /* UsersListViewModel.swift */; };
		49563F732632F4D4007EA41D /* User.swift in Sources */ = {isa = PBXBuildFile; fileRef = 49563F722632F4D4007EA41D /* User.swift */; };
		49563F7B2632F5DD007EA41D /* UsersListService.swift in Sources */ = {isa = PBXBuildFile; fileRef = 49563F7A2632F5DD007EA41D /* UsersListService.swift */; };
		49563F832632F6CE007EA41D /* UsersListViewModelTests.swift in Sources */ = {isa = PBXBuildFile; fileRef = 49563F822632F6CE007EA41D /* UsersListViewModelTests.swift */; };
		49563F8D2633E215007EA41D /* UserDetailViewController.swift in Sources */ = {isa = PBXBuildFile; fileRef = 49563F8C2633E215007EA41D /* UserDetailViewController.swift */; };
		49563FA52633E607007EA41D /* PopoverPresentationViewController.swift in Sources */ = {isa = PBXBuildFile; fileRef = 49563FA42633E607007EA41D /* PopoverPresentationViewController.swift */; };
		49563FA92633EEB5007EA41D /* UIViewController+TransitioningDelegate.swift in Sources */ = {isa = PBXBuildFile; fileRef = 49563FA82633EEB5007EA41D /* UIViewController+TransitioningDelegate.swift */; };
		49563FAF2633EF18007EA41D /* PopoverPresentationAnimator.swift in Sources */ = {isa = PBXBuildFile; fileRef = 49563FAE2633EF18007EA41D /* PopoverPresentationAnimator.swift */; };
		49563FB526353AC9007EA41D /* UserDetailViewViewModel.swift in Sources */ = {isa = PBXBuildFile; fileRef = 49563FB426353AC9007EA41D /* UserDetailViewViewModel.swift */; };
		49F8A9E5263689C6004E37F4 /* CircularStd-Bold.ttf in Resources */ = {isa = PBXBuildFile; fileRef = 49F8A9E4263689C6004E37F4 /* CircularStd-Bold.ttf */; };
		49F8A9EB263689DA004E37F4 /* CircularStd-Book.ttf in Resources */ = {isa = PBXBuildFile; fileRef = 49F8A9EA263689DA004E37F4 /* CircularStd-Book.ttf */; };
		49F8A9EF263689EC004E37F4 /* CircularStd-Medium.ttf in Resources */ = {isa = PBXBuildFile; fileRef = 49F8A9EE263689EC004E37F4 /* CircularStd-Medium.ttf */; };
		49F8A9F326368B12004E37F4 /* UserDetailService.swift in Sources */ = {isa = PBXBuildFile; fileRef = 49F8A9F226368B12004E37F4 /* UserDetailService.swift */; };
		49F8A9F726368B44004E37F4 /* UserDetailViewViewModelTests.swift in Sources */ = {isa = PBXBuildFile; fileRef = 49F8A9F626368B44004E37F4 /* UserDetailViewViewModelTests.swift */; };
		49F8A9FB2636BDBE004E37F4 /* Theme.swift in Sources */ = {isa = PBXBuildFile; fileRef = 49F8A9FA2636BDBE004E37F4 /* Theme.swift */; };
		49F8A9FF2636C137004E37F4 /* CircularStd-Black.ttf in Resources */ = {isa = PBXBuildFile; fileRef = 49F8A9FE2636C137004E37F4 /* CircularStd-Black.ttf */; };
		49F8AA042636C3B1004E37F4 /* Endpoints.swift in Sources */ = {isa = PBXBuildFile; fileRef = 49F8AA032636C3B1004E37F4 /* Endpoints.swift */; };
		49F8AA092636C515004E37F4 /* ResponseDataProviding.swift in Sources */ = {isa = PBXBuildFile; fileRef = 49F8AA082636C515004E37F4 /* ResponseDataProviding.swift */; };
		49F8AA0F2636CDBF004E37F4 /* RandomUsersListServiceTests.swift in Sources */ = {isa = PBXBuildFile; fileRef = 49F8AA0E2636CDBF004E37F4 /* RandomUsersListServiceTests.swift */; };
		49F8AA132636CF9B004E37F4 /* UserDTOTests.swift in Sources */ = {isa = PBXBuildFile; fileRef = 49F8AA122636CF9B004E37F4 /* UserDTOTests.swift */; };
		49F8AA172636D10F004E37F4 /* UserDTO.swift in Sources */ = {isa = PBXBuildFile; fileRef = 49F8AA162636D10F004E37F4 /* UserDTO.swift */; };
		49F8AA1B2636D867004E37F4 /* RandomUsersListService.swift in Sources */ = {isa = PBXBuildFile; fileRef = 49F8AA1A2636D867004E37F4 /* RandomUsersListService.swift */; };
		49F8AA1F2636DC10004E37F4 /* ServerConfiguration.swift in Sources */ = {isa = PBXBuildFile; fileRef = 49F8AA1E2636DC10004E37F4 /* ServerConfiguration.swift */; };
		49F8AA262636DD08004E37F4 /* RandomUsersLoader.swift in Sources */ = {isa = PBXBuildFile; fileRef = 49F8AA252636DD08004E37F4 /* RandomUsersLoader.swift */; };
		49F8AA2C2636DDBC004E37F4 /* RandomUsersLoaderTests.swift in Sources */ = {isa = PBXBuildFile; fileRef = 49F8AA2B2636DDBC004E37F4 /* RandomUsersLoaderTests.swift */; };
		49F8AA302636DF5C004E37F4 /* UsersEndpointTests.swift in Sources */ = {isa = PBXBuildFile; fileRef = 49F8AA2F2636DF5B004E37F4 /* UsersEndpointTests.swift */; };
		49F8AA352636E1A2004E37F4 /* SDWebImage in Frameworks */ = {isa = PBXBuildFile; productRef = 49F8AA342636E1A2004E37F4 /* SDWebImage */; };
		49F8AA3B2636E53C004E37F4 /* UIViewController+child.swift in Sources */ = {isa = PBXBuildFile; fileRef = 49F8AA3A2636E53C004E37F4 /* UIViewController+child.swift */; };
		49F8AA3F2636E566004E37F4 /* UIView+dropShaddow.swift in Sources */ = {isa = PBXBuildFile; fileRef = 49F8AA3E2636E566004E37F4 /* UIView+dropShaddow.swift */; };
		49F8AA482636F3C4004E37F4 /* UsersCountViewModel.swift in Sources */ = {isa = PBXBuildFile; fileRef = 49F8AA472636F3C4004E37F4 /* UsersCountViewModel.swift */; };
		49F8AA4E2636F798004E37F4 /* UsersCountViewController.swift in Sources */ = {isa = PBXBuildFile; fileRef = 49F8AA4D2636F797004E37F4 /* UsersCountViewController.swift */; };
		49F8AA5426375F22004E37F4 /* ContainerViewModel.swift in Sources */ = {isa = PBXBuildFile; fileRef = 49F8AA5326375F22004E37F4 /* ContainerViewModel.swift */; };
		49F8AA582637D15A004E37F4 /* UsersCountService.swift in Sources */ = {isa = PBXBuildFile; fileRef = 49F8AA572637D15A004E37F4 /* UsersCountService.swift */; };
		49F8AAF426392EA0004E37F4 /* UserAnnotationView.swift in Sources */ = {isa = PBXBuildFile; fileRef = 49F8AAF326392EA0004E37F4 /* UserAnnotationView.swift */; };
/* End PBXBuildFile section */

/* Begin PBXContainerItemProxy section */
		492E5EED2632CC8D009DA42E /* PBXContainerItemProxy */ = {
			isa = PBXContainerItemProxy;
			containerPortal = 492E5ECE2632CC8A009DA42E /* Project object */;
			proxyType = 1;
			remoteGlobalIDString = 492E5ED52632CC8A009DA42E;
			remoteInfo = UsersMap;
		};
/* End PBXContainerItemProxy section */

/* Begin PBXFileReference section */
		492E5ED62632CC8A009DA42E /* UsersMap.app */ = {isa = PBXFileReference; explicitFileType = wrapper.application; includeInIndex = 0; path = UsersMap.app; sourceTree = BUILT_PRODUCTS_DIR; };
		492E5ED92632CC8A009DA42E /* AppDelegate.swift */ = {isa = PBXFileReference; lastKnownFileType = sourcecode.swift; path = AppDelegate.swift; sourceTree = "<group>"; };
		492E5EDB2632CC8A009DA42E /* SceneDelegate.swift */ = {isa = PBXFileReference; lastKnownFileType = sourcecode.swift; path = SceneDelegate.swift; sourceTree = "<group>"; };
		492E5EE02632CC8A009DA42E /* Base */ = {isa = PBXFileReference; lastKnownFileType = file.storyboard; name = Base; path = Base.lproj/Main.storyboard; sourceTree = "<group>"; };
		492E5EE22632CC8C009DA42E /* Assets.xcassets */ = {isa = PBXFileReference; lastKnownFileType = folder.assetcatalog; path = Assets.xcassets; sourceTree = "<group>"; };
		492E5EE52632CC8C009DA42E /* Base */ = {isa = PBXFileReference; lastKnownFileType = file.storyboard; name = Base; path = Base.lproj/LaunchScreen.storyboard; sourceTree = "<group>"; };
		492E5EE72632CC8C009DA42E /* Info.plist */ = {isa = PBXFileReference; lastKnownFileType = text.plist.xml; path = Info.plist; sourceTree = "<group>"; };
		492E5EEC2632CC8D009DA42E /* UsersMapTests.xctest */ = {isa = PBXFileReference; explicitFileType = wrapper.cfbundle; includeInIndex = 0; path = UsersMapTests.xctest; sourceTree = BUILT_PRODUCTS_DIR; };
		492E5EF22632CC8D009DA42E /* Info.plist */ = {isa = PBXFileReference; lastKnownFileType = text.plist.xml; path = Info.plist; sourceTree = "<group>"; };
		49563F332632D4D3007EA41D /* ContainerViewController.swift */ = {isa = PBXFileReference; lastKnownFileType = sourcecode.swift; path = ContainerViewController.swift; sourceTree = "<group>"; };
		49563F382632D4E4007EA41D /* UsersMapViewController.swift */ = {isa = PBXFileReference; lastKnownFileType = sourcecode.swift; path = UsersMapViewController.swift; sourceTree = "<group>"; };
		49563F3D2632D4F0007EA41D /* UsersListViewController.swift */ = {isa = PBXFileReference; lastKnownFileType = sourcecode.swift; path = UsersListViewController.swift; sourceTree = "<group>"; };
		49563F422632D769007EA41D /* UserInfoCell.swift */ = {isa = PBXFileReference; lastKnownFileType = sourcecode.swift; path = UserInfoCell.swift; sourceTree = "<group>"; };
		49563F542632DE0E007EA41D /* Coordinator.swift */ = {isa = PBXFileReference; lastKnownFileType = sourcecode.swift; path = Coordinator.swift; sourceTree = "<group>"; };
		49563F592632DE4B007EA41D /* AppCoordinator.swift */ = {isa = PBXFileReference; lastKnownFileType = sourcecode.swift; path = AppCoordinator.swift; sourceTree = "<group>"; };
		49563F632632F3C3007EA41D /* UsersListViewModel.swift */ = {isa = PBXFileReference; lastKnownFileType = sourcecode.swift; path = UsersListViewModel.swift; sourceTree = "<group>"; };
		49563F722632F4D4007EA41D /* User.swift */ = {isa = PBXFileReference; lastKnownFileType = sourcecode.swift; path = User.swift; sourceTree = "<group>"; };
		49563F7A2632F5DD007EA41D /* UsersListService.swift */ = {isa = PBXFileReference; lastKnownFileType = sourcecode.swift; path = UsersListService.swift; sourceTree = "<group>"; };
		49563F822632F6CE007EA41D /* UsersListViewModelTests.swift */ = {isa = PBXFileReference; lastKnownFileType = sourcecode.swift; path = UsersListViewModelTests.swift; sourceTree = "<group>"; };
		49563F8C2633E215007EA41D /* UserDetailViewController.swift */ = {isa = PBXFileReference; lastKnownFileType = sourcecode.swift; path = UserDetailViewController.swift; sourceTree = "<group>"; };
		49563FA42633E607007EA41D /* PopoverPresentationViewController.swift */ = {isa = PBXFileReference; lastKnownFileType = sourcecode.swift; path = PopoverPresentationViewController.swift; sourceTree = "<group>"; };
		49563FA82633EEB5007EA41D /* UIViewController+TransitioningDelegate.swift */ = {isa = PBXFileReference; lastKnownFileType = sourcecode.swift; path = "UIViewController+TransitioningDelegate.swift"; sourceTree = "<group>"; };
		49563FAE2633EF18007EA41D /* PopoverPresentationAnimator.swift */ = {isa = PBXFileReference; lastKnownFileType = sourcecode.swift; path = PopoverPresentationAnimator.swift; sourceTree = "<group>"; };
		49563FB426353AC9007EA41D /* UserDetailViewViewModel.swift */ = {isa = PBXFileReference; lastKnownFileType = sourcecode.swift; path = UserDetailViewViewModel.swift; sourceTree = "<group>"; };
		49F8A9E4263689C6004E37F4 /* CircularStd-Bold.ttf */ = {isa = PBXFileReference; lastKnownFileType = file; path = "CircularStd-Bold.ttf"; sourceTree = "<group>"; };
		49F8A9EA263689DA004E37F4 /* CircularStd-Book.ttf */ = {isa = PBXFileReference; lastKnownFileType = file; path = "CircularStd-Book.ttf"; sourceTree = "<group>"; };
		49F8A9EE263689EC004E37F4 /* CircularStd-Medium.ttf */ = {isa = PBXFileReference; lastKnownFileType = file; path = "CircularStd-Medium.ttf"; sourceTree = "<group>"; };
		49F8A9F226368B12004E37F4 /* UserDetailService.swift */ = {isa = PBXFileReference; lastKnownFileType = sourcecode.swift; path = UserDetailService.swift; sourceTree = "<group>"; };
		49F8A9F626368B44004E37F4 /* UserDetailViewViewModelTests.swift */ = {isa = PBXFileReference; lastKnownFileType = sourcecode.swift; path = UserDetailViewViewModelTests.swift; sourceTree = "<group>"; };
		49F8A9FA2636BDBE004E37F4 /* Theme.swift */ = {isa = PBXFileReference; lastKnownFileType = sourcecode.swift; path = Theme.swift; sourceTree = "<group>"; };
		49F8A9FE2636C137004E37F4 /* CircularStd-Black.ttf */ = {isa = PBXFileReference; lastKnownFileType = file; path = "CircularStd-Black.ttf"; sourceTree = "<group>"; };
		49F8AA032636C3B1004E37F4 /* Endpoints.swift */ = {isa = PBXFileReference; lastKnownFileType = sourcecode.swift; path = Endpoints.swift; sourceTree = "<group>"; };
		49F8AA082636C515004E37F4 /* ResponseDataProviding.swift */ = {isa = PBXFileReference; lastKnownFileType = sourcecode.swift; path = ResponseDataProviding.swift; sourceTree = "<group>"; };
		49F8AA0E2636CDBF004E37F4 /* RandomUsersListServiceTests.swift */ = {isa = PBXFileReference; lastKnownFileType = sourcecode.swift; path = RandomUsersListServiceTests.swift; sourceTree = "<group>"; };
		49F8AA122636CF9B004E37F4 /* UserDTOTests.swift */ = {isa = PBXFileReference; lastKnownFileType = sourcecode.swift; path = UserDTOTests.swift; sourceTree = "<group>"; };
		49F8AA162636D10F004E37F4 /* UserDTO.swift */ = {isa = PBXFileReference; lastKnownFileType = sourcecode.swift; path = UserDTO.swift; sourceTree = "<group>"; };
		49F8AA1A2636D867004E37F4 /* RandomUsersListService.swift */ = {isa = PBXFileReference; lastKnownFileType = sourcecode.swift; path = RandomUsersListService.swift; sourceTree = "<group>"; };
		49F8AA1E2636DC10004E37F4 /* ServerConfiguration.swift */ = {isa = PBXFileReference; lastKnownFileType = sourcecode.swift; path = ServerConfiguration.swift; sourceTree = "<group>"; };
		49F8AA252636DD08004E37F4 /* RandomUsersLoader.swift */ = {isa = PBXFileReference; lastKnownFileType = sourcecode.swift; path = RandomUsersLoader.swift; sourceTree = "<group>"; };
		49F8AA2B2636DDBC004E37F4 /* RandomUsersLoaderTests.swift */ = {isa = PBXFileReference; lastKnownFileType = sourcecode.swift; path = RandomUsersLoaderTests.swift; sourceTree = "<group>"; };
		49F8AA2F2636DF5B004E37F4 /* UsersEndpointTests.swift */ = {isa = PBXFileReference; lastKnownFileType = sourcecode.swift; path = UsersEndpointTests.swift; sourceTree = "<group>"; };
		49F8AA3A2636E53C004E37F4 /* UIViewController+child.swift */ = {isa = PBXFileReference; lastKnownFileType = sourcecode.swift; path = "UIViewController+child.swift"; sourceTree = "<group>"; };
		49F8AA3E2636E566004E37F4 /* UIView+dropShaddow.swift */ = {isa = PBXFileReference; lastKnownFileType = sourcecode.swift; path = "UIView+dropShaddow.swift"; sourceTree = "<group>"; };
		49F8AA472636F3C4004E37F4 /* UsersCountViewModel.swift */ = {isa = PBXFileReference; lastKnownFileType = sourcecode.swift; path = UsersCountViewModel.swift; sourceTree = "<group>"; };
		49F8AA4D2636F797004E37F4 /* UsersCountViewController.swift */ = {isa = PBXFileReference; lastKnownFileType = sourcecode.swift; path = UsersCountViewController.swift; sourceTree = "<group>"; };
		49F8AA5326375F22004E37F4 /* ContainerViewModel.swift */ = {isa = PBXFileReference; lastKnownFileType = sourcecode.swift; path = ContainerViewModel.swift; sourceTree = "<group>"; };
		49F8AA572637D15A004E37F4 /* UsersCountService.swift */ = {isa = PBXFileReference; lastKnownFileType = sourcecode.swift; path = UsersCountService.swift; sourceTree = "<group>"; };
		49F8AAF326392EA0004E37F4 /* UserAnnotationView.swift */ = {isa = PBXFileReference; lastKnownFileType = sourcecode.swift; path = UserAnnotationView.swift; sourceTree = "<group>"; };
/* End PBXFileReference section */

/* Begin PBXFrameworksBuildPhase section */
		492E5ED32632CC8A009DA42E /* Frameworks */ = {
			isa = PBXFrameworksBuildPhase;
			buildActionMask = 2147483647;
			files = (
				49F8AA352636E1A2004E37F4 /* SDWebImage in Frameworks */,
			);
			runOnlyForDeploymentPostprocessing = 0;
		};
		492E5EE92632CC8D009DA42E /* Frameworks */ = {
			isa = PBXFrameworksBuildPhase;
			buildActionMask = 2147483647;
			files = (
			);
			runOnlyForDeploymentPostprocessing = 0;
		};
/* End PBXFrameworksBuildPhase section */

/* Begin PBXGroup section */
		492E5ECD2632CC89009DA42E = {
			isa = PBXGroup;
			children = (
				492E5ED82632CC8A009DA42E /* UsersMap */,
				492E5EEF2632CC8D009DA42E /* UsersMapTests */,
				492E5ED72632CC8A009DA42E /* Products */,
			);
			sourceTree = "<group>";
		};
		492E5ED72632CC8A009DA42E /* Products */ = {
			isa = PBXGroup;
			children = (
				492E5ED62632CC8A009DA42E /* UsersMap.app */,
				492E5EEC2632CC8D009DA42E /* UsersMapTests.xctest */,
			);
			name = Products;
			sourceTree = "<group>";
		};
		492E5ED82632CC8A009DA42E /* UsersMap */ = {
			isa = PBXGroup;
			children = (
				492E5ED92632CC8A009DA42E /* AppDelegate.swift */,
				492E5EDB2632CC8A009DA42E /* SceneDelegate.swift */,
				492E5EDF2632CC8A009DA42E /* Main.storyboard */,
				49563F592632DE4B007EA41D /* AppCoordinator.swift */,
				49563F5E2632F2DD007EA41D /* Features */,
				49563F612632F331007EA41D /* Core */,
				492E5EE22632CC8C009DA42E /* Assets.xcassets */,
				492E5EE42632CC8C009DA42E /* LaunchScreen.storyboard */,
				49F8A9EA263689DA004E37F4 /* CircularStd-Book.ttf */,
				49F8A9E4263689C6004E37F4 /* CircularStd-Bold.ttf */,
				49F8A9EE263689EC004E37F4 /* CircularStd-Medium.ttf */,
				49F8A9FE2636C137004E37F4 /* CircularStd-Black.ttf */,
				492E5EE72632CC8C009DA42E /* Info.plist */,
			);
			path = UsersMap;
			sourceTree = "<group>";
		};
		492E5EEF2632CC8D009DA42E /* UsersMapTests */ = {
			isa = PBXGroup;
			children = (
				492E5EF22632CC8D009DA42E /* Info.plist */,
				49563F822632F6CE007EA41D /* UsersListViewModelTests.swift */,
				49F8A9F626368B44004E37F4 /* UserDetailViewViewModelTests.swift */,
				49F8AA0E2636CDBF004E37F4 /* RandomUsersListServiceTests.swift */,
				49F8AA122636CF9B004E37F4 /* UserDTOTests.swift */,
				49F8AA2B2636DDBC004E37F4 /* RandomUsersLoaderTests.swift */,
				49F8AA2F2636DF5B004E37F4 /* UsersEndpointTests.swift */,
			);
			path = UsersMapTests;
			sourceTree = "<group>";
		};
		49563F5E2632F2DD007EA41D /* Features */ = {
			isa = PBXGroup;
			children = (
				49F8AA462636F3B4004E37F4 /* Users Count */,
				49563F622632F36C007EA41D /* Browse Users */,
				49563F8B2633E1F8007EA41D /* User Detail */,
			);
			path = Features;
			sourceTree = "<group>";
		};
		49563F5F2632F2EB007EA41D /* Users Map */ = {
			isa = PBXGroup;
			children = (
				49563F382632D4E4007EA41D /* UsersMapViewController.swift */,
				49F8AAF326392EA0004E37F4 /* UserAnnotationView.swift */,
			);
			path = "Users Map";
			sourceTree = "<group>";
		};
		49563F602632F2F6007EA41D /* Users List */ = {
			isa = PBXGroup;
			children = (
				49563F3D2632D4F0007EA41D /* UsersListViewController.swift */,
				49563F422632D769007EA41D /* UserInfoCell.swift */,
			);
			path = "Users List";
			sourceTree = "<group>";
		};
		49563F612632F331007EA41D /* Core */ = {
			isa = PBXGroup;
			children = (
				49563F712632F461007EA41D /* Presentation */,
				49563F6B2632F3F4007EA41D /* Entities */,
				49563F6F2632F450007EA41D /* Domain */,
				49563F702632F455007EA41D /* Data */,
				49F8AA022636C29C004E37F4 /* Networking */,
			);
			path = Core;
			sourceTree = "<group>";
		};
		49563F622632F36C007EA41D /* Browse Users */ = {
			isa = PBXGroup;
			children = (
				49563F332632D4D3007EA41D /* ContainerViewController.swift */,
				49F8AA5326375F22004E37F4 /* ContainerViewModel.swift */,
				49563F632632F3C3007EA41D /* UsersListViewModel.swift */,
				49563F5F2632F2EB007EA41D /* Users Map */,
				49563F602632F2F6007EA41D /* Users List */,
			);
			path = "Browse Users";
			sourceTree = "<group>";
		};
		49563F6B2632F3F4007EA41D /* Entities */ = {
			isa = PBXGroup;
			children = (
				49563F722632F4D4007EA41D /* User.swift */,
			);
			path = Entities;
			sourceTree = "<group>";
		};
		49563F6F2632F450007EA41D /* Domain */ = {
			isa = PBXGroup;
			children = (
				49F8AA572637D15A004E37F4 /* UsersCountService.swift */,
				49563F7A2632F5DD007EA41D /* UsersListService.swift */,
				49F8A9F226368B12004E37F4 /* UserDetailService.swift */,
			);
			path = Domain;
			sourceTree = "<group>";
		};
		49563F702632F455007EA41D /* Data */ = {
			isa = PBXGroup;
			children = (
				49F8AA1A2636D867004E37F4 /* RandomUsersListService.swift */,
			);
			path = Data;
			sourceTree = "<group>";
		};
		49563F712632F461007EA41D /* Presentation */ = {
			isa = PBXGroup;
			children = (
				49563F542632DE0E007EA41D /* Coordinator.swift */,
				49563FA42633E607007EA41D /* PopoverPresentationViewController.swift */,
				49563FAE2633EF18007EA41D /* PopoverPresentationAnimator.swift */,
				49F8A9FA2636BDBE004E37F4 /* Theme.swift */,
				49563FA82633EEB5007EA41D /* UIViewController+TransitioningDelegate.swift */,
				49F8AA3A2636E53C004E37F4 /* UIViewController+child.swift */,
				49F8AA3E2636E566004E37F4 /* UIView+dropShaddow.swift */,
			);
			path = Presentation;
			sourceTree = "<group>";
		};
		49563F8B2633E1F8007EA41D /* User Detail */ = {
			isa = PBXGroup;
			children = (
				49563F8C2633E215007EA41D /* UserDetailViewController.swift */,
				49563FB426353AC9007EA41D /* UserDetailViewViewModel.swift */,
			);
			path = "User Detail";
			sourceTree = "<group>";
		};
		49F8AA022636C29C004E37F4 /* Networking */ = {
			isa = PBXGroup;
			children = (
				49F8AA1E2636DC10004E37F4 /* ServerConfiguration.swift */,
				49F8AA032636C3B1004E37F4 /* Endpoints.swift */,
				49F8AA082636C515004E37F4 /* ResponseDataProviding.swift */,
				49F8AA072636C409004E37F4 /* DTOs */,
				49F8AA242636DCE2004E37F4 /* Loaders */,
			);
			path = Networking;
			sourceTree = "<group>";
		};
		49F8AA072636C409004E37F4 /* DTOs */ = {
			isa = PBXGroup;
			children = (
				49F8AA162636D10F004E37F4 /* UserDTO.swift */,
			);
			path = DTOs;
			sourceTree = "<group>";
		};
		49F8AA242636DCE2004E37F4 /* Loaders */ = {
			isa = PBXGroup;
			children = (
				49F8AA252636DD08004E37F4 /* RandomUsersLoader.swift */,
			);
			path = Loaders;
			sourceTree = "<group>";
		};
		49F8AA462636F3B4004E37F4 /* Users Count */ = {
			isa = PBXGroup;
			children = (
				49F8AA4D2636F797004E37F4 /* UsersCountViewController.swift */,
				49F8AA472636F3C4004E37F4 /* UsersCountViewModel.swift */,
			);
			path = "Users Count";
			sourceTree = "<group>";
		};
/* End PBXGroup section */

/* Begin PBXNativeTarget section */
		492E5ED52632CC8A009DA42E /* UsersMap */ = {
			isa = PBXNativeTarget;
			buildConfigurationList = 492E5F002632CC8D009DA42E /* Build configuration list for PBXNativeTarget "UsersMap" */;
			buildPhases = (
				492E5ED22632CC8A009DA42E /* Sources */,
				492E5ED32632CC8A009DA42E /* Frameworks */,
				492E5ED42632CC8A009DA42E /* Resources */,
			);
			buildRules = (
			);
			dependencies = (
			);
			name = UsersMap;
			packageProductDependencies = (
				49F8AA342636E1A2004E37F4 /* SDWebImage */,
			);
			productName = UsersMap;
			productReference = 492E5ED62632CC8A009DA42E /* UsersMap.app */;
			productType = "com.apple.product-type.application";
		};
		492E5EEB2632CC8D009DA42E /* UsersMapTests */ = {
			isa = PBXNativeTarget;
			buildConfigurationList = 492E5F032632CC8D009DA42E /* Build configuration list for PBXNativeTarget "UsersMapTests" */;
			buildPhases = (
				492E5EE82632CC8D009DA42E /* Sources */,
				492E5EE92632CC8D009DA42E /* Frameworks */,
				492E5EEA2632CC8D009DA42E /* Resources */,
			);
			buildRules = (
			);
			dependencies = (
				492E5EEE2632CC8D009DA42E /* PBXTargetDependency */,
			);
			name = UsersMapTests;
			productName = UsersMapTests;
			productReference = 492E5EEC2632CC8D009DA42E /* UsersMapTests.xctest */;
			productType = "com.apple.product-type.bundle.unit-test";
		};
/* End PBXNativeTarget section */

/* Begin PBXProject section */
		492E5ECE2632CC8A009DA42E /* Project object */ = {
			isa = PBXProject;
			attributes = {
				LastSwiftUpdateCheck = 1240;
				LastUpgradeCheck = 1240;
				TargetAttributes = {
					492E5ED52632CC8A009DA42E = {
						CreatedOnToolsVersion = 12.4;
					};
					492E5EEB2632CC8D009DA42E = {
						CreatedOnToolsVersion = 12.4;
						LastSwiftMigration = 1240;
						TestTargetID = 492E5ED52632CC8A009DA42E;
					};
				};
			};
			buildConfigurationList = 492E5ED12632CC8A009DA42E /* Build configuration list for PBXProject "UsersMap" */;
			compatibilityVersion = "Xcode 9.3";
			developmentRegion = en;
			hasScannedForEncodings = 0;
			knownRegions = (
				en,
				Base,
			);
			mainGroup = 492E5ECD2632CC89009DA42E;
			packageReferences = (
				49F8AA332636E1A2004E37F4 /* XCRemoteSwiftPackageReference "SDWebImage" */,
			);
			productRefGroup = 492E5ED72632CC8A009DA42E /* Products */;
			projectDirPath = "";
			projectRoot = "";
			targets = (
				492E5ED52632CC8A009DA42E /* UsersMap */,
				492E5EEB2632CC8D009DA42E /* UsersMapTests */,
			);
		};
/* End PBXProject section */

/* Begin PBXResourcesBuildPhase section */
		492E5ED42632CC8A009DA42E /* Resources */ = {
			isa = PBXResourcesBuildPhase;
			buildActionMask = 2147483647;
			files = (
				49F8A9EF263689EC004E37F4 /* CircularStd-Medium.ttf in Resources */,
				49F8A9EB263689DA004E37F4 /* CircularStd-Book.ttf in Resources */,
				49F8A9E5263689C6004E37F4 /* CircularStd-Bold.ttf in Resources */,
				492E5EE62632CC8C009DA42E /* LaunchScreen.storyboard in Resources */,
				492E5EE32632CC8C009DA42E /* Assets.xcassets in Resources */,
				49F8A9FF2636C137004E37F4 /* CircularStd-Black.ttf in Resources */,
				492E5EE12632CC8A009DA42E /* Main.storyboard in Resources */,
			);
			runOnlyForDeploymentPostprocessing = 0;
		};
		492E5EEA2632CC8D009DA42E /* Resources */ = {
			isa = PBXResourcesBuildPhase;
			buildActionMask = 2147483647;
			files = (
			);
			runOnlyForDeploymentPostprocessing = 0;
		};
/* End PBXResourcesBuildPhase section */

/* Begin PBXSourcesBuildPhase section */
		492E5ED22632CC8A009DA42E /* Sources */ = {
			isa = PBXSourcesBuildPhase;
			buildActionMask = 2147483647;
			files = (
				49563F432632D769007EA41D /* UserInfoCell.swift in Sources */,
				49563FB526353AC9007EA41D /* UserDetailViewViewModel.swift in Sources */,
				492E5EDA2632CC8A009DA42E /* AppDelegate.swift in Sources */,
				49563F8D2633E215007EA41D /* UserDetailViewController.swift in Sources */,
				49F8AAF426392EA0004E37F4 /* UserAnnotationView.swift in Sources */,
				49563FA92633EEB5007EA41D /* UIViewController+TransitioningDelegate.swift in Sources */,
				49F8AA092636C515004E37F4 /* ResponseDataProviding.swift in Sources */,
				49F8AA582637D15A004E37F4 /* UsersCountService.swift in Sources */,
				49F8AA3B2636E53C004E37F4 /* UIViewController+child.swift in Sources */,
				49F8AA1F2636DC10004E37F4 /* ServerConfiguration.swift in Sources */,
				49F8AA3F2636E566004E37F4 /* UIView+dropShaddow.swift in Sources */,
				49563F342632D4D3007EA41D /* ContainerViewController.swift in Sources */,
				49F8A9F326368B12004E37F4 /* UserDetailService.swift in Sources */,
				49F8AA4E2636F798004E37F4 /* UsersCountViewController.swift in Sources */,
				49F8AA5426375F22004E37F4 /* ContainerViewModel.swift in Sources */,
				49563F392632D4E4007EA41D /* UsersMapViewController.swift in Sources */,
				49563F642632F3C3007EA41D /* UsersListViewModel.swift in Sources */,
				49F8A9FB2636BDBE004E37F4 /* Theme.swift in Sources */,
				49F8AA482636F3C4004E37F4 /* UsersCountViewModel.swift in Sources */,
				49F8AA262636DD08004E37F4 /* RandomUsersLoader.swift in Sources */,
				49563FA52633E607007EA41D /* PopoverPresentationViewController.swift in Sources */,
				49F8AA172636D10F004E37F4 /* UserDTO.swift in Sources */,
				49563F5A2632DE4B007EA41D /* AppCoordinator.swift in Sources */,
				49F8AA042636C3B1004E37F4 /* Endpoints.swift in Sources */,
				49563FAF2633EF18007EA41D /* PopoverPresentationAnimator.swift in Sources */,
				492E5EDC2632CC8A009DA42E /* SceneDelegate.swift in Sources */,
				49F8AA1B2636D867004E37F4 /* RandomUsersListService.swift in Sources */,
				49563F3E2632D4F0007EA41D /* UsersListViewController.swift in Sources */,
				49563F732632F4D4007EA41D /* User.swift in Sources */,
				49563F7B2632F5DD007EA41D /* UsersListService.swift in Sources */,
				49563F552632DE0E007EA41D /* Coordinator.swift in Sources */,
			);
			runOnlyForDeploymentPostprocessing = 0;
		};
		492E5EE82632CC8D009DA42E /* Sources */ = {
			isa = PBXSourcesBuildPhase;
			buildActionMask = 2147483647;
			files = (
				49563F832632F6CE007EA41D /* UsersListViewModelTests.swift in Sources */,
				49F8AA2C2636DDBC004E37F4 /* RandomUsersLoaderTests.swift in Sources */,
				49F8A9F726368B44004E37F4 /* UserDetailViewViewModelTests.swift in Sources */,
				49F8AA302636DF5C004E37F4 /* UsersEndpointTests.swift in Sources */,
				49F8AA132636CF9B004E37F4 /* UserDTOTests.swift in Sources */,
				49F8AA0F2636CDBF004E37F4 /* RandomUsersListServiceTests.swift in Sources */,
			);
			runOnlyForDeploymentPostprocessing = 0;
		};
/* End PBXSourcesBuildPhase section */

/* Begin PBXTargetDependency section */
		492E5EEE2632CC8D009DA42E /* PBXTargetDependency */ = {
			isa = PBXTargetDependency;
			target = 492E5ED52632CC8A009DA42E /* UsersMap */;
			targetProxy = 492E5EED2632CC8D009DA42E /* PBXContainerItemProxy */;
		};
/* End PBXTargetDependency section */

/* Begin PBXVariantGroup section */
		492E5EDF2632CC8A009DA42E /* Main.storyboard */ = {
			isa = PBXVariantGroup;
			children = (
				492E5EE02632CC8A009DA42E /* Base */,
			);
			name = Main.storyboard;
			sourceTree = "<group>";
		};
		492E5EE42632CC8C009DA42E /* LaunchScreen.storyboard */ = {
			isa = PBXVariantGroup;
			children = (
				492E5EE52632CC8C009DA42E /* Base */,
			);
			name = LaunchScreen.storyboard;
			sourceTree = "<group>";
		};
/* End PBXVariantGroup section */

/* Begin XCBuildConfiguration section */
		492E5EFE2632CC8D009DA42E /* Debug */ = {
			isa = XCBuildConfiguration;
			buildSettings = {
				ALWAYS_SEARCH_USER_PATHS = NO;
				CLANG_ANALYZER_NONNULL = YES;
				CLANG_ANALYZER_NUMBER_OBJECT_CONVERSION = YES_AGGRESSIVE;
				CLANG_CXX_LANGUAGE_STANDARD = "gnu++14";
				CLANG_CXX_LIBRARY = "libc++";
				CLANG_ENABLE_MODULES = YES;
				CLANG_ENABLE_OBJC_ARC = YES;
				CLANG_ENABLE_OBJC_WEAK = YES;
				CLANG_WARN_BLOCK_CAPTURE_AUTORELEASING = YES;
				CLANG_WARN_BOOL_CONVERSION = YES;
				CLANG_WARN_COMMA = YES;
				CLANG_WARN_CONSTANT_CONVERSION = YES;
				CLANG_WARN_DEPRECATED_OBJC_IMPLEMENTATIONS = YES;
				CLANG_WARN_DIRECT_OBJC_ISA_USAGE = YES_ERROR;
				CLANG_WARN_DOCUMENTATION_COMMENTS = YES;
				CLANG_WARN_EMPTY_BODY = YES;
				CLANG_WARN_ENUM_CONVERSION = YES;
				CLANG_WARN_INFINITE_RECURSION = YES;
				CLANG_WARN_INT_CONVERSION = YES;
				CLANG_WARN_NON_LITERAL_NULL_CONVERSION = YES;
				CLANG_WARN_OBJC_IMPLICIT_RETAIN_SELF = YES;
				CLANG_WARN_OBJC_LITERAL_CONVERSION = YES;
				CLANG_WARN_OBJC_ROOT_CLASS = YES_ERROR;
				CLANG_WARN_QUOTED_INCLUDE_IN_FRAMEWORK_HEADER = YES;
				CLANG_WARN_RANGE_LOOP_ANALYSIS = YES;
				CLANG_WARN_STRICT_PROTOTYPES = YES;
				CLANG_WARN_SUSPICIOUS_MOVE = YES;
				CLANG_WARN_UNGUARDED_AVAILABILITY = YES_AGGRESSIVE;
				CLANG_WARN_UNREACHABLE_CODE = YES;
				CLANG_WARN__DUPLICATE_METHOD_MATCH = YES;
				COPY_PHASE_STRIP = NO;
				DEBUG_INFORMATION_FORMAT = dwarf;
				ENABLE_STRICT_OBJC_MSGSEND = YES;
				ENABLE_TESTABILITY = YES;
				GCC_C_LANGUAGE_STANDARD = gnu11;
				GCC_DYNAMIC_NO_PIC = NO;
				GCC_NO_COMMON_BLOCKS = YES;
				GCC_OPTIMIZATION_LEVEL = 0;
				GCC_PREPROCESSOR_DEFINITIONS = (
					"DEBUG=1",
					"$(inherited)",
				);
				GCC_WARN_64_TO_32_BIT_CONVERSION = YES;
				GCC_WARN_ABOUT_RETURN_TYPE = YES_ERROR;
				GCC_WARN_UNDECLARED_SELECTOR = YES;
				GCC_WARN_UNINITIALIZED_AUTOS = YES_AGGRESSIVE;
				GCC_WARN_UNUSED_FUNCTION = YES;
				GCC_WARN_UNUSED_VARIABLE = YES;
				IPHONEOS_DEPLOYMENT_TARGET = 14.4;
				MTL_ENABLE_DEBUG_INFO = INCLUDE_SOURCE;
				MTL_FAST_MATH = YES;
				ONLY_ACTIVE_ARCH = YES;
				SDKROOT = iphoneos;
				SWIFT_ACTIVE_COMPILATION_CONDITIONS = DEBUG;
				SWIFT_OPTIMIZATION_LEVEL = "-Onone";
			};
			name = Debug;
		};
		492E5EFF2632CC8D009DA42E /* Release */ = {
			isa = XCBuildConfiguration;
			buildSettings = {
				ALWAYS_SEARCH_USER_PATHS = NO;
				CLANG_ANALYZER_NONNULL = YES;
				CLANG_ANALYZER_NUMBER_OBJECT_CONVERSION = YES_AGGRESSIVE;
				CLANG_CXX_LANGUAGE_STANDARD = "gnu++14";
				CLANG_CXX_LIBRARY = "libc++";
				CLANG_ENABLE_MODULES = YES;
				CLANG_ENABLE_OBJC_ARC = YES;
				CLANG_ENABLE_OBJC_WEAK = YES;
				CLANG_WARN_BLOCK_CAPTURE_AUTORELEASING = YES;
				CLANG_WARN_BOOL_CONVERSION = YES;
				CLANG_WARN_COMMA = YES;
				CLANG_WARN_CONSTANT_CONVERSION = YES;
				CLANG_WARN_DEPRECATED_OBJC_IMPLEMENTATIONS = YES;
				CLANG_WARN_DIRECT_OBJC_ISA_USAGE = YES_ERROR;
				CLANG_WARN_DOCUMENTATION_COMMENTS = YES;
				CLANG_WARN_EMPTY_BODY = YES;
				CLANG_WARN_ENUM_CONVERSION = YES;
				CLANG_WARN_INFINITE_RECURSION = YES;
				CLANG_WARN_INT_CONVERSION = YES;
				CLANG_WARN_NON_LITERAL_NULL_CONVERSION = YES;
				CLANG_WARN_OBJC_IMPLICIT_RETAIN_SELF = YES;
				CLANG_WARN_OBJC_LITERAL_CONVERSION = YES;
				CLANG_WARN_OBJC_ROOT_CLASS = YES_ERROR;
				CLANG_WARN_QUOTED_INCLUDE_IN_FRAMEWORK_HEADER = YES;
				CLANG_WARN_RANGE_LOOP_ANALYSIS = YES;
				CLANG_WARN_STRICT_PROTOTYPES = YES;
				CLANG_WARN_SUSPICIOUS_MOVE = YES;
				CLANG_WARN_UNGUARDED_AVAILABILITY = YES_AGGRESSIVE;
				CLANG_WARN_UNREACHABLE_CODE = YES;
				CLANG_WARN__DUPLICATE_METHOD_MATCH = YES;
				COPY_PHASE_STRIP = NO;
				DEBUG_INFORMATION_FORMAT = "dwarf-with-dsym";
				ENABLE_NS_ASSERTIONS = NO;
				ENABLE_STRICT_OBJC_MSGSEND = YES;
				GCC_C_LANGUAGE_STANDARD = gnu11;
				GCC_NO_COMMON_BLOCKS = YES;
				GCC_WARN_64_TO_32_BIT_CONVERSION = YES;
				GCC_WARN_ABOUT_RETURN_TYPE = YES_ERROR;
				GCC_WARN_UNDECLARED_SELECTOR = YES;
				GCC_WARN_UNINITIALIZED_AUTOS = YES_AGGRESSIVE;
				GCC_WARN_UNUSED_FUNCTION = YES;
				GCC_WARN_UNUSED_VARIABLE = YES;
				IPHONEOS_DEPLOYMENT_TARGET = 14.4;
				MTL_ENABLE_DEBUG_INFO = NO;
				MTL_FAST_MATH = YES;
				SDKROOT = iphoneos;
				SWIFT_COMPILATION_MODE = wholemodule;
				SWIFT_OPTIMIZATION_LEVEL = "-O";
				VALIDATE_PRODUCT = YES;
			};
			name = Release;
		};
		492E5F012632CC8D009DA42E /* Debug */ = {
			isa = XCBuildConfiguration;
			buildSettings = {
				ASSETCATALOG_COMPILER_APPICON_NAME = AppIcon;
				ASSETCATALOG_COMPILER_GLOBAL_ACCENT_COLOR_NAME = AccentColor;
				CODE_SIGN_STYLE = Automatic;
				CURRENT_PROJECT_VERSION = 2;
				DEVELOPMENT_TEAM = DT55KV28NQ;
				INFOPLIST_FILE = UsersMap/Info.plist;
				LD_RUNPATH_SEARCH_PATHS = (
					"$(inherited)",
					"@executable_path/Frameworks",
				);
				PRODUCT_BUNDLE_IDENTIFIER = com.jiriurbasek.UsersMap;
				PRODUCT_NAME = "$(TARGET_NAME)";
				SWIFT_VERSION = 5.0;
				TARGETED_DEVICE_FAMILY = "1,2";
			};
			name = Debug;
		};
		492E5F022632CC8D009DA42E /* Release */ = {
			isa = XCBuildConfiguration;
			buildSettings = {
				ASSETCATALOG_COMPILER_APPICON_NAME = AppIcon;
				ASSETCATALOG_COMPILER_GLOBAL_ACCENT_COLOR_NAME = AccentColor;
				CODE_SIGN_STYLE = Automatic;
				CURRENT_PROJECT_VERSION = 2;
				DEVELOPMENT_TEAM = DT55KV28NQ;
				INFOPLIST_FILE = UsersMap/Info.plist;
				LD_RUNPATH_SEARCH_PATHS = (
					"$(inherited)",
					"@executable_path/Frameworks",
				);
				PRODUCT_BUNDLE_IDENTIFIER = com.jiriurbasek.UsersMap;
				PRODUCT_NAME = "$(TARGET_NAME)";
				SWIFT_VERSION = 5.0;
				TARGETED_DEVICE_FAMILY = "1,2";
			};
			name = Release;
		};
		492E5F042632CC8D009DA42E /* Debug */ = {
			isa = XCBuildConfiguration;
			buildSettings = {
				ALWAYS_EMBED_SWIFT_STANDARD_LIBRARIES = YES;
				BUNDLE_LOADER = "$(TEST_HOST)";
				CLANG_ENABLE_MODULES = YES;
				CODE_SIGN_STYLE = Automatic;
				DEVELOPMENT_TEAM = DT55KV28NQ;
				INFOPLIST_FILE = UsersMapTests/Info.plist;
				IPHONEOS_DEPLOYMENT_TARGET = 14.4;
				LD_RUNPATH_SEARCH_PATHS = (
					"$(inherited)",
					"@executable_path/Frameworks",
					"@loader_path/Frameworks",
				);
				PRODUCT_BUNDLE_IDENTIFIER = com.jiriurbasek.UsersMapTests;
				PRODUCT_NAME = "$(TARGET_NAME)";
				SWIFT_OPTIMIZATION_LEVEL = "-Onone";
				SWIFT_VERSION = 5.0;
				TARGETED_DEVICE_FAMILY = "1,2";
				TEST_HOST = "$(BUILT_PRODUCTS_DIR)/UsersMap.app/UsersMap";
			};
			name = Debug;
		};
		492E5F052632CC8D009DA42E /* Release */ = {
			isa = XCBuildConfiguration;
			buildSettings = {
				ALWAYS_EMBED_SWIFT_STANDARD_LIBRARIES = YES;
				BUNDLE_LOADER = "$(TEST_HOST)";
				CLANG_ENABLE_MODULES = YES;
				CODE_SIGN_STYLE = Automatic;
				DEVELOPMENT_TEAM = DT55KV28NQ;
				INFOPLIST_FILE = UsersMapTests/Info.plist;
				IPHONEOS_DEPLOYMENT_TARGET = 14.4;
				LD_RUNPATH_SEARCH_PATHS = (
					"$(inherited)",
					"@executable_path/Frameworks",
					"@loader_path/Frameworks",
				);
				PRODUCT_BUNDLE_IDENTIFIER = com.jiriurbasek.UsersMapTests;
				PRODUCT_NAME = "$(TARGET_NAME)";
				SWIFT_VERSION = 5.0;
				TARGETED_DEVICE_FAMILY = "1,2";
				TEST_HOST = "$(BUILT_PRODUCTS_DIR)/UsersMap.app/UsersMap";
			};
			name = Release;
		};
/* End XCBuildConfiguration section */

/* Begin XCConfigurationList section */
		492E5ED12632CC8A009DA42E /* Build configuration list for PBXProject "UsersMap" */ = {
			isa = XCConfigurationList;
			buildConfigurations = (
				492E5EFE2632CC8D009DA42E /* Debug */,
				492E5EFF2632CC8D009DA42E /* Release */,
			);
			defaultConfigurationIsVisible = 0;
			defaultConfigurationName = Release;
		};
		492E5F002632CC8D009DA42E /* Build configuration list for PBXNativeTarget "UsersMap" */ = {
			isa = XCConfigurationList;
			buildConfigurations = (
				492E5F012632CC8D009DA42E /* Debug */,
				492E5F022632CC8D009DA42E /* Release */,
			);
			defaultConfigurationIsVisible = 0;
			defaultConfigurationName = Release;
		};
		492E5F032632CC8D009DA42E /* Build configuration list for PBXNativeTarget "UsersMapTests" */ = {
			isa = XCConfigurationList;
			buildConfigurations = (
				492E5F042632CC8D009DA42E /* Debug */,
				492E5F052632CC8D009DA42E /* Release */,
			);
			defaultConfigurationIsVisible = 0;
			defaultConfigurationName = Release;
		};
/* End XCConfigurationList section */

/* Begin XCRemoteSwiftPackageReference section */
		49F8AA332636E1A2004E37F4 /* XCRemoteSwiftPackageReference "SDWebImage" */ = {
			isa = XCRemoteSwiftPackageReference;
			repositoryURL = "https://github.com/SDWebImage/SDWebImage.git";
			requirement = {
				kind = upToNextMajorVersion;
				minimumVersion = 5.11.1;
			};
		};
/* End XCRemoteSwiftPackageReference section */

/* Begin XCSwiftPackageProductDependency section */
		49F8AA342636E1A2004E37F4 /* SDWebImage */ = {
			isa = XCSwiftPackageProductDependency;
			package = 49F8AA332636E1A2004E37F4 /* XCRemoteSwiftPackageReference "SDWebImage" */;
			productName = SDWebImage;
		};
/* End XCSwiftPackageProductDependency section */
	};
	rootObject = 492E5ECE2632CC8A009DA42E /* Project object */;
}
